
Microsoft Visual Studio Solution File, Format Version 12.00
# Visual Studio Version 16
VisualStudioVersion = 25.0.1705.4
MinimumVisualStudioVersion = 10.0.40219.1
Project("{2150E333-8FDC-42A3-9474-1A3956D46DE8}") = "Solution Items", "Solution Items", "{38C81579-5544-4190-A8DC-4A746C116B71}"
	ProjectSection(SolutionItems) = preProject
		README.MD = README.MD
	EndProjectSection
EndProject
Project("{FAE04EC0-301F-11D3-BF4B-00C04F79EFBC}") = "BuilderExample", "BuilderExample\BuilderExample.csproj", "{F596DA25-B28B-4089-9398-278E7565812F}"
EndProject
Project("{FAE04EC0-301F-11D3-BF4B-00C04F79EFBC}") = "BuilderHtmlMailExample", "BuilderHtmlMailExample\BuilderHtmlMailExample.csproj", "{3AED8CDE-92E0-4653-ADA6-7C1D034A203B}"
EndProject
Project("{FAE04EC0-301F-11D3-BF4B-00C04F79EFBC}") = "Builder_Task_18_1_1", "Builder_Task_18_1_1\Builder_Task_18_1_1.csproj", "{3B933005-9416-4BD4-BE61-7177F8FB8076}"
EndProject
Project("{FAE04EC0-301F-11D3-BF4B-00C04F79EFBC}") = "PrototypeExamlpe", "PrototypeExamlpe\PrototypeExamlpe.csproj", "{30C9B46F-6EFB-4821-864A-9C5BB568225F}"
EndProject
Project("{FAE04EC0-301F-11D3-BF4B-00C04F79EFBC}") = "PrototypeRealExamlpe", "PrototypeRealExamlpe\PrototypeRealExamlpe.csproj", "{8BCDD3AE-613E-4BB4-B6FD-487EB4B81017}"
EndProject
Project("{FAE04EC0-301F-11D3-BF4B-00C04F79EFBC}") = "PrototypeTask", "PrototypeTask\PrototypeTask.csproj", "{DAE753F4-52C0-48D2-9220-935D542FC37B}"
EndProject
Project("{FAE04EC0-301F-11D3-BF4B-00C04F79EFBC}") = "CommandExample", "CommandExample\CommandExample.csproj", "{F2A7DB59-0753-4ACD-8C20-364202AEF387}"
EndProject
Project("{FAE04EC0-301F-11D3-BF4B-00C04F79EFBC}") = "StrategyExample", "StrategyExample\StrategyExample.csproj", "{CDA4D406-4052-4FEA-9E66-C504B6624948}"
EndProject
Project("{FAE04EC0-301F-11D3-BF4B-00C04F79EFBC}") = "StrategyRealExample", "StrategyRealExample\StrategyRealExample.csproj", "{FD6B0288-C27D-4C9E-BE0E-F13248755C1B}"
EndProject
Project("{FAE04EC0-301F-11D3-BF4B-00C04F79EFBC}") = "Command_Task_18_2_5", "Command_Task_18_2_5\Command_Task_18_2_5.csproj", "{B00F5A94-7272-4B37-A4AC-FEFF95B767E6}"
EndProject
Project("{FAE04EC0-301F-11D3-BF4B-00C04F79EFBC}") = "FinalTask_YouTubeExplode", "FinalTask_YouTubeExplode\FinalTask_YouTubeExplode.csproj", "{16A5EE95-C5C2-4358-80C3-635FD9E305AA}"
EndProject
Global
	GlobalSection(SolutionConfigurationPlatforms) = preSolution
		Debug|Any CPU = Debug|Any CPU
		Release|Any CPU = Release|Any CPU
	EndGlobalSection
	GlobalSection(ProjectConfigurationPlatforms) = postSolution
		{F596DA25-B28B-4089-9398-278E7565812F}.Debug|Any CPU.ActiveCfg = Debug|Any CPU
		{F596DA25-B28B-4089-9398-278E7565812F}.Debug|Any CPU.Build.0 = Debug|Any CPU
		{F596DA25-B28B-4089-9398-278E7565812F}.Release|Any CPU.ActiveCfg = Release|Any CPU
		{F596DA25-B28B-4089-9398-278E7565812F}.Release|Any CPU.Build.0 = Release|Any CPU
		{3AED8CDE-92E0-4653-ADA6-7C1D034A203B}.Debug|Any CPU.ActiveCfg = Debug|Any CPU
		{3AED8CDE-92E0-4653-ADA6-7C1D034A203B}.Debug|Any CPU.Build.0 = Debug|Any CPU
		{3AED8CDE-92E0-4653-ADA6-7C1D034A203B}.Release|Any CPU.ActiveCfg = Release|Any CPU
		{3AED8CDE-92E0-4653-ADA6-7C1D034A203B}.Release|Any CPU.Build.0 = Release|Any CPU
		{3B933005-9416-4BD4-BE61-7177F8FB8076}.Debug|Any CPU.ActiveCfg = Debug|Any CPU
		{3B933005-9416-4BD4-BE61-7177F8FB8076}.Debug|Any CPU.Build.0 = Debug|Any CPU
		{3B933005-9416-4BD4-BE61-7177F8FB8076}.Release|Any CPU.ActiveCfg = Release|Any CPU
		{3B933005-9416-4BD4-BE61-7177F8FB8076}.Release|Any CPU.Build.0 = Release|Any CPU
		{30C9B46F-6EFB-4821-864A-9C5BB568225F}.Debug|Any CPU.ActiveCfg = Debug|Any CPU
		{30C9B46F-6EFB-4821-864A-9C5BB568225F}.Debug|Any CPU.Build.0 = Debug|Any CPU
		{30C9B46F-6EFB-4821-864A-9C5BB568225F}.Release|Any CPU.ActiveCfg = Release|Any CPU
		{30C9B46F-6EFB-4821-864A-9C5BB568225F}.Release|Any CPU.Build.0 = Release|Any CPU
		{8BCDD3AE-613E-4BB4-B6FD-487EB4B81017}.Debug|Any CPU.ActiveCfg = Debug|Any CPU
		{8BCDD3AE-613E-4BB4-B6FD-487EB4B81017}.Debug|Any CPU.Build.0 = Debug|Any CPU
		{8BCDD3AE-613E-4BB4-B6FD-487EB4B81017}.Release|Any CPU.ActiveCfg = Release|Any CPU
		{8BCDD3AE-613E-4BB4-B6FD-487EB4B81017}.Release|Any CPU.Build.0 = Release|Any CPU
		{DAE753F4-52C0-48D2-9220-935D542FC37B}.Debug|Any CPU.ActiveCfg = Debug|Any CPU
		{DAE753F4-52C0-48D2-9220-935D542FC37B}.Debug|Any CPU.Build.0 = Debug|Any CPU
		{DAE753F4-52C0-48D2-9220-935D542FC37B}.Release|Any CPU.ActiveCfg = Release|Any CPU
		{DAE753F4-52C0-48D2-9220-935D542FC37B}.Release|Any CPU.Build.0 = Release|Any CPU
		{F2A7DB59-0753-4ACD-8C20-364202AEF387}.Debug|Any CPU.ActiveCfg = Debug|Any CPU
		{F2A7DB59-0753-4ACD-8C20-364202AEF387}.Debug|Any CPU.Build.0 = Debug|Any CPU
		{F2A7DB59-0753-4ACD-8C20-364202AEF387}.Release|Any CPU.ActiveCfg = Release|Any CPU
		{F2A7DB59-0753-4ACD-8C20-364202AEF387}.Release|Any CPU.Build.0 = Release|Any CPU
		{CDA4D406-4052-4FEA-9E66-C504B6624948}.Debug|Any CPU.ActiveCfg = Debug|Any CPU
		{CDA4D406-4052-4FEA-9E66-C504B6624948}.Debug|Any CPU.Build.0 = Debug|Any CPU
		{CDA4D406-4052-4FEA-9E66-C504B6624948}.Release|Any CPU.ActiveCfg = Release|Any CPU
		{CDA4D406-4052-4FEA-9E66-C504B6624948}.Release|Any CPU.Build.0 = Release|Any CPU
		{FD6B0288-C27D-4C9E-BE0E-F13248755C1B}.Debug|Any CPU.ActiveCfg = Debug|Any CPU
		{FD6B0288-C27D-4C9E-BE0E-F13248755C1B}.Debug|Any CPU.Build.0 = Debug|Any CPU
		{FD6B0288-C27D-4C9E-BE0E-F13248755C1B}.Release|Any CPU.ActiveCfg = Release|Any CPU
		{FD6B0288-C27D-4C9E-BE0E-F13248755C1B}.Release|Any CPU.Build.0 = Release|Any CPU
		{B00F5A94-7272-4B37-A4AC-FEFF95B767E6}.Debug|Any CPU.ActiveCfg = Debug|Any CPU
		{B00F5A94-7272-4B37-A4AC-FEFF95B767E6}.Debug|Any CPU.Build.0 = Debug|Any CPU
		{B00F5A94-7272-4B37-A4AC-FEFF95B767E6}.Release|Any CPU.ActiveCfg = Release|Any CPU
		{B00F5A94-7272-4B37-A4AC-FEFF95B767E6}.Release|Any CPU.Build.0 = Release|Any CPU
		{16A5EE95-C5C2-4358-80C3-635FD9E305AA}.Debug|Any CPU.ActiveCfg = Debug|Any CPU
		{16A5EE95-C5C2-4358-80C3-635FD9E305AA}.Debug|Any CPU.Build.0 = Debug|Any CPU
		{16A5EE95-C5C2-4358-80C3-635FD9E305AA}.Release|Any CPU.ActiveCfg = Release|Any CPU
		{16A5EE95-C5C2-4358-80C3-635FD9E305AA}.Release|Any CPU.Build.0 = Release|Any CPU
	EndGlobalSection
	GlobalSection(SolutionProperties) = preSolution
		HideSolutionNode = FALSE
	EndGlobalSection
	GlobalSection(ExtensibilityGlobals) = postSolution
		SolutionGuid = {68E69FC3-934C-48CC-838D-7CC9707E4314}
	EndGlobalSection
EndGlobal
